
Microsoft Visual Studio Solution File, Format Version 12.00
# Visual Studio Version 17
VisualStudioVersion = 17.4.33122.133
MinimumVisualStudioVersion = 10.0.40219.1
Project("{FAE04EC0-301F-11D3-BF4B-00C04F79EFBC}") = "ConsoleApp3", "ConsoleApp3\ConsoleApp3.csproj", "{8DB00CF2-6983-43C0-B69E-154647F0B41D}"
EndProject
Global
	GlobalSection(SolutionConfigurationPlatforms) = preSolution
		Debug|Any CPU = Debug|Any CPU
		Release|Any CPU = Release|Any CPU
	EndGlobalSection
	GlobalSection(ProjectConfigurationPlatforms) = postSolution
		{8DB00CF2-6983-43C0-B69E-154647F0B41D}.Debug|Any CPU.ActiveCfg = Debug|Any CPU
		{8DB00CF2-6983-43C0-B69E-154647F0B41D}.Debug|Any CPU.Build.0 = Debug|Any CPU
		{8DB00CF2-6983-43C0-B69E-154647F0B41D}.Release|Any CPU.ActiveCfg = Release|Any CPU
		{8DB00CF2-6983-43C0-B69E-154647F0B41D}.Release|Any CPU.Build.0 = Release|Any CPU
	EndGlobalSection
	GlobalSection(SolutionProperties) = preSolution
		HideSolutionNode = FALSE
	EndGlobalSection
	GlobalSection(ExtensibilityGlobals) = postSolution
		SolutionGuid = {F580505B-C326-417B-9106-81C35EE9FBE1}
	EndGlobalSection
EndGlobal
